github.com/fernet/fernet-go v0.0.0-20240119011108-303da6aec611 h1:JwYtKJ/DVEoIA5dH45OEU7uoryZY/gjd/BQiwwAOImM=
github.com/fernet/fernet-go v0.0.0-20240119011108-303da6aec611/go.mod h1:zHMNeYgqrTpKyjawjitDg0Osd1P/FmeA0SZLYK3RfLQ=
github.com/gorilla/websocket v1.5.3 h1:saDtZ6Pbx/0u+bgYQ3q96pZgCzfhKXGPqt7kZ72aNNg=
github.com/gorilla/websocket v1.5.3/go.mod h1:YR8l580nyteQvAITg2hZ9XVh4b55+EU/adAjf1fMHhE=
